
Microsoft Visual Studio Solution File, Format Version 12.00
Project("{FAE04EC0-301F-11D3-BF4B-00C04F79EFBC}") = "UdpChat", "UdpChat\UdpChat.csproj", "{10AA6B6C-8C3D-417A-B690-F2DE5E93B23F}"
EndProject
Global
	GlobalSection(SolutionConfigurationPlatforms) = preSolution
		Debug|Any CPU = Debug|Any CPU
		Release|Any CPU = Release|Any CPU
	EndGlobalSection
	GlobalSection(ProjectConfigurationPlatforms) = postSolution
		{10AA6B6C-8C3D-417A-B690-F2DE5E93B23F}.Debug|Any CPU.ActiveCfg = Debug|Any CPU
		{10AA6B6C-8C3D-417A-B690-F2DE5E93B23F}.Debug|Any CPU.Build.0 = Debug|Any CPU
		{10AA6B6C-8C3D-417A-B690-F2DE5E93B23F}.Release|Any CPU.ActiveCfg = Release|Any CPU
		{10AA6B6C-8C3D-417A-B690-F2DE5E93B23F}.Release|Any CPU.Build.0 = Release|Any CPU
	EndGlobalSection
EndGlobal
